// !$*UTF8*$!
{
	archiveVersion = 1;
	classes = {
	};
	objectVersion = 50;
	objects = {

/* Begin PBXBuildFile section */
		D81278BB230CF44F00C9A57F /* MomentCardData.swift in Sources */ = {isa = PBXBuildFile; fileRef = D81278BA230CF44F00C9A57F /* MomentCardData.swift */; };
		D819371B2308A36500BF3944 /* AppDelegate.swift in Sources */ = {isa = PBXBuildFile; fileRef = D819371A2308A36500BF3944 /* AppDelegate.swift */; };
		D819371D2308A36500BF3944 /* MomentsFlowViewController.swift in Sources */ = {isa = PBXBuildFile; fileRef = D819371C2308A36500BF3944 /* MomentsFlowViewController.swift */; };
		D81937202308A36500BF3944 /* Main.storyboard in Resources */ = {isa = PBXBuildFile; fileRef = D819371E2308A36500BF3944 /* Main.storyboard */; };
		D81937252308A36700BF3944 /* LaunchScreen.storyboard in Resources */ = {isa = PBXBuildFile; fileRef = D81937232308A36700BF3944 /* LaunchScreen.storyboard */; };
		D819372D2308A9BC00BF3944 /* MomentsCardCell.swift in Sources */ = {isa = PBXBuildFile; fileRef = D819372C2308A9BC00BF3944 /* MomentsCardCell.swift */; };
		D81937302308ABD200BF3944 /* MomentsFlowLayout.swift in Sources */ = {isa = PBXBuildFile; fileRef = D819372F2308ABD200BF3944 /* MomentsFlowLayout.swift */; };
		D871001423148A8700359D61 /* PopTransition.swift in Sources */ = {isa = PBXBuildFile; fileRef = D871001323148A8700359D61 /* PopTransition.swift */; };
		D87BDAC22312447100A7AFD3 /* StoreKit.framework in Frameworks */ = {isa = PBXBuildFile; fileRef = D87BDAC12312447100A7AFD3 /* StoreKit.framework */; };
		D87BDAC42312486300A7AFD3 /* Assets.xcassets in Resources */ = {isa = PBXBuildFile; fileRef = D87BDAC32312486300A7AFD3 /* Assets.xcassets */; };
		D8C68411231378E400992620 /* MomentCardLayout.swift in Sources */ = {isa = PBXBuildFile; fileRef = D8C68410231378E400992620 /* MomentCardLayout.swift */; };
		D8DB3A75230FA32B009FC1DE /* MomentStoriesViewController.swift in Sources */ = {isa = PBXBuildFile; fileRef = D8DB3A74230FA32B009FC1DE /* MomentStoriesViewController.swift */; };
		D8DB3A782310771A009FC1DE /* DemoDataStore.swift in Sources */ = {isa = PBXBuildFile; fileRef = D8DB3A772310771A009FC1DE /* DemoDataStore.swift */; };
		D8DB3A7A2311ADBB009FC1DE /* MomentsCollectionView.swift in Sources */ = {isa = PBXBuildFile; fileRef = D8DB3A792311ADBB009FC1DE /* MomentsCollectionView.swift */; };
/* End PBXBuildFile section */

/* Begin PBXFileReference section */
		D81278BA230CF44F00C9A57F /* MomentCardData.swift */ = {isa = PBXFileReference; lastKnownFileType = sourcecode.swift; path = MomentCardData.swift; sourceTree = "<group>"; };
		D81937172308A36500BF3944 /* MomentsFlowLayout.app */ = {isa = PBXFileReference; explicitFileType = wrapper.application; includeInIndex = 0; path = MomentsFlowLayout.app; sourceTree = BUILT_PRODUCTS_DIR; };
		D819371A2308A36500BF3944 /* AppDelegate.swift */ = {isa = PBXFileReference; lastKnownFileType = sourcecode.swift; path = AppDelegate.swift; sourceTree = "<group>"; };
		D819371C2308A36500BF3944 /* MomentsFlowViewController.swift */ = {isa = PBXFileReference; lastKnownFileType = sourcecode.swift; path = MomentsFlowViewController.swift; sourceTree = "<group>"; };
		D819371F2308A36500BF3944 /* Base */ = {isa = PBXFileReference; lastKnownFileType = file.storyboard; name = Base; path = Base.lproj/Main.storyboard; sourceTree = "<group>"; };
		D81937242308A36700BF3944 /* Base */ = {isa = PBXFileReference; lastKnownFileType = file.storyboard; name = Base; path = Base.lproj/LaunchScreen.storyboard; sourceTree = "<group>"; };
		D81937262308A36700BF3944 /* Info.plist */ = {isa = PBXFileReference; lastKnownFileType = text.plist.xml; path = Info.plist; sourceTree = "<group>"; };
		D819372C2308A9BC00BF3944 /* MomentsCardCell.swift */ = {isa = PBXFileReference; lastKnownFileType = sourcecode.swift; path = MomentsCardCell.swift; sourceTree = "<group>"; };
		D819372F2308ABD200BF3944 /* MomentsFlowLayout.swift */ = {isa = PBXFileReference; lastKnownFileType = sourcecode.swift; path = MomentsFlowLayout.swift; sourceTree = "<group>"; };
		D871001323148A8700359D61 /* PopTransition.swift */ = {isa = PBXFileReference; lastKnownFileType = sourcecode.swift; path = PopTransition.swift; sourceTree = "<group>"; };
		D87BDAC12312447100A7AFD3 /* StoreKit.framework */ = {isa = PBXFileReference; lastKnownFileType = wrapper.framework; name = StoreKit.framework; path = System/Library/Frameworks/StoreKit.framework; sourceTree = SDKROOT; };
		D87BDAC32312486300A7AFD3 /* Assets.xcassets */ = {isa = PBXFileReference; lastKnownFileType = folder.assetcatalog; path = Assets.xcassets; sourceTree = "<group>"; };
		D8C68410231378E400992620 /* MomentCardLayout.swift */ = {isa = PBXFileReference; lastKnownFileType = sourcecode.swift; path = MomentCardLayout.swift; sourceTree = "<group>"; };
		D8DB3A74230FA32B009FC1DE /* MomentStoriesViewController.swift */ = {isa = PBXFileReference; lastKnownFileType = sourcecode.swift; name = MomentStoriesViewController.swift; path = "MomentsFlowLayout/View Controller/MomentStoriesViewController.swift"; sourceTree = SOURCE_ROOT; };
		D8DB3A772310771A009FC1DE /* DemoDataStore.swift */ = {isa = PBXFileReference; lastKnownFileType = sourcecode.swift; path = DemoDataStore.swift; sourceTree = "<group>"; };
		D8DB3A792311ADBB009FC1DE /* MomentsCollectionView.swift */ = {isa = PBXFileReference; lastKnownFileType = sourcecode.swift; path = MomentsCollectionView.swift; sourceTree = "<group>"; };
/* End PBXFileReference section */

/* Begin PBXFrameworksBuildPhase section */
		D81937142308A36500BF3944 /* Frameworks */ = {
			isa = PBXFrameworksBuildPhase;
			buildActionMask = 2147483647;
			files = (
				D87BDAC22312447100A7AFD3 /* StoreKit.framework in Frameworks */,
			);
			runOnlyForDeploymentPostprocessing = 0;
		};
/* End PBXFrameworksBuildPhase section */

/* Begin PBXGroup section */
		D819370E2308A36500BF3944 = {
			isa = PBXGroup;
			children = (
				D81937192308A36500BF3944 /* MomentsFlowLayout */,
				D81937182308A36500BF3944 /* Products */,
				D87BDAC02312447100A7AFD3 /* Frameworks */,
			);
			sourceTree = "<group>";
		};
		D81937182308A36500BF3944 /* Products */ = {
			isa = PBXGroup;
			children = (
				D81937172308A36500BF3944 /* MomentsFlowLayout.app */,
			);
			name = Products;
			sourceTree = "<group>";
		};
		D81937192308A36500BF3944 /* MomentsFlowLayout */ = {
			isa = PBXGroup;
			children = (
				D87BDAC32312486300A7AFD3 /* Assets.xcassets */,
				D819371A2308A36500BF3944 /* AppDelegate.swift */,
				D819371E2308A36500BF3944 /* Main.storyboard */,
				D81937232308A36700BF3944 /* LaunchScreen.storyboard */,
				D81937262308A36700BF3944 /* Info.plist */,
				D8DB3A76231076E6009FC1DE /* Data Store */,
				D8439C8F230BB8B0004633D5 /* View Controller */,
				D819372E2308A9D300BF3944 /* Cell */,
				D81937312308ABF300BF3944 /* Layout */,
				D871001023148A1700359D61 /* Transitions */,
			);
			path = MomentsFlowLayout;
			sourceTree = "<group>";
		};
		D819372E2308A9D300BF3944 /* Cell */ = {
			isa = PBXGroup;
			children = (
				D819372C2308A9BC00BF3944 /* MomentsCardCell.swift */,
				D81278BA230CF44F00C9A57F /* MomentCardData.swift */,
				D8C68410231378E400992620 /* MomentCardLayout.swift */,
			);
			path = Cell;
			sourceTree = "<group>";
		};
		D81937312308ABF300BF3944 /* Layout */ = {
			isa = PBXGroup;
			children = (
				D8DB3A792311ADBB009FC1DE /* MomentsCollectionView.swift */,
				D819372F2308ABD200BF3944 /* MomentsFlowLayout.swift */,
			);
			path = Layout;
			sourceTree = "<group>";
		};
		D8439C8F230BB8B0004633D5 /* View Controller */ = {
			isa = PBXGroup;
			children = (
				D819371C2308A36500BF3944 /* MomentsFlowViewController.swift */,
				D8DB3A74230FA32B009FC1DE /* MomentStoriesViewController.swift */,
			);
			path = "View Controller";
			sourceTree = "<group>";
		};
		D871001023148A1700359D61 /* Transitions */ = {
			isa = PBXGroup;
			children = (
				D871001323148A8700359D61 /* PopTransition.swift */,
			);
			path = Transitions;
			sourceTree = "<group>";
		};
		D87BDAC02312447100A7AFD3 /* Frameworks */ = {
			isa = PBXGroup;
			children = (
				D87BDAC12312447100A7AFD3 /* StoreKit.framework */,
			);
			name = Frameworks;
			sourceTree = "<group>";
		};
		D8DB3A76231076E6009FC1DE /* Data Store */ = {
			isa = PBXGroup;
			children = (
				D8DB3A772310771A009FC1DE /* DemoDataStore.swift */,
			);
			path = "Data Store";
			sourceTree = "<group>";
		};
/* End PBXGroup section */

/* Begin PBXNativeTarget section */
		D81937162308A36500BF3944 /* MomentsFlowLayout */ = {
			isa = PBXNativeTarget;
			buildConfigurationList = D81937292308A36700BF3944 /* Build configuration list for PBXNativeTarget "MomentsFlowLayout" */;
			buildPhases = (
				D81937132308A36500BF3944 /* Sources */,
				D81937142308A36500BF3944 /* Frameworks */,
				D81937152308A36500BF3944 /* Resources */,
			);
			buildRules = (
			);
			dependencies = (
			);
			name = MomentsFlowLayout;
			productName = MomentsFlowLayout;
			productReference = D81937172308A36500BF3944 /* MomentsFlowLayout.app */;
			productType = "com.apple.product-type.application";
		};
/* End PBXNativeTarget section */

/* Begin PBXProject section */
		D819370F2308A36500BF3944 /* Project object */ = {
			isa = PBXProject;
			attributes = {
				LastSwiftUpdateCheck = 1030;
				LastUpgradeCheck = 1030;
				ORGANIZATIONNAME = "Nathan Hsu";
				TargetAttributes = {
					D81937162308A36500BF3944 = {
						CreatedOnToolsVersion = 10.3;
						SystemCapabilities = {
							com.apple.InAppPurchase = {
								enabled = 1;
							};
						};
					};
				};
			};
			buildConfigurationList = D81937122308A36500BF3944 /* Build configuration list for PBXProject "MomentsFlowLayout" */;
			compatibilityVersion = "Xcode 9.3";
			developmentRegion = en;
			hasScannedForEncodings = 0;
			knownRegions = (
				en,
				Base,
			);
			mainGroup = D819370E2308A36500BF3944;
			productRefGroup = D81937182308A36500BF3944 /* Products */;
			projectDirPath = "";
			projectRoot = "";
			targets = (
				D81937162308A36500BF3944 /* MomentsFlowLayout */,
			);
		};
/* End PBXProject section */

/* Begin PBXResourcesBuildPhase section */
		D81937152308A36500BF3944 /* Resources */ = {
			isa = PBXResourcesBuildPhase;
			buildActionMask = 2147483647;
			files = (
				D81937252308A36700BF3944 /* LaunchScreen.storyboard in Resources */,
				D87BDAC42312486300A7AFD3 /* Assets.xcassets in Resources */,
				D81937202308A36500BF3944 /* Main.storyboard in Resources */,
			);
			runOnlyForDeploymentPostprocessing = 0;
		};
/* End PBXResourcesBuildPhase section */

/* Begin PBXSourcesBuildPhase section */
		D81937132308A36500BF3944 /* Sources */ = {
			isa = PBXSourcesBuildPhase;
			buildActionMask = 2147483647;
			files = (
				D8DB3A7A2311ADBB009FC1DE /* MomentsCollectionView.swift in Sources */,
				D819371D2308A36500BF3944 /* MomentsFlowViewController.swift in Sources */,
				D819371B2308A36500BF3944 /* AppDelegate.swift in Sources */,
				D819372D2308A9BC00BF3944 /* MomentsCardCell.swift in Sources */,
				D871001423148A8700359D61 /* PopTransition.swift in Sources */,
				D81937302308ABD200BF3944 /* MomentsFlowLayout.swift in Sources */,
				D8C68411231378E400992620 /* MomentCardLayout.swift in Sources */,
				D8DB3A75230FA32B009FC1DE /* MomentStoriesViewController.swift in Sources */,
				D81278BB230CF44F00C9A57F /* MomentCardData.swift in Sources */,
				D8DB3A782310771A009FC1DE /* DemoDataStore.swift in Sources */,
			);
			runOnlyForDeploymentPostprocessing = 0;
		};
/* End PBXSourcesBuildPhase section */

/* Begin PBXVariantGroup section */
		D819371E2308A36500BF3944 /* Main.storyboard */ = {
			isa = PBXVariantGroup;
			children = (
				D819371F2308A36500BF3944 /* Base */,
			);
			name = Main.storyboard;
			sourceTree = "<group>";
		};
		D81937232308A36700BF3944 /* LaunchScreen.storyboard */ = {
			isa = PBXVariantGroup;
			children = (
				D81937242308A36700BF3944 /* Base */,
			);
			name = LaunchScreen.storyboard;
			sourceTree = "<group>";
		};
/* End PBXVariantGroup section */

/* Begin XCBuildConfiguration section */
		D81937272308A36700BF3944 /* Debug */ = {
			isa = XCBuildConfiguration;
			buildSettings = {
				ALWAYS_SEARCH_USER_PATHS = NO;
				CLANG_ANALYZER_NONNULL = YES;
				CLANG_ANALYZER_NUMBER_OBJECT_CONVERSION = YES_AGGRESSIVE;
				CLANG_CXX_LANGUAGE_STANDARD = "gnu++14";
				CLANG_CXX_LIBRARY = "libc++";
				CLANG_ENABLE_MODULES = YES;
				CLANG_ENABLE_OBJC_ARC = YES;
				CLANG_ENABLE_OBJC_WEAK = YES;
				CLANG_WARN_BLOCK_CAPTURE_AUTORELEASING = YES;
				CLANG_WARN_BOOL_CONVERSION = YES;
				CLANG_WARN_COMMA = YES;
				CLANG_WARN_CONSTANT_CONVERSION = YES;
				CLANG_WARN_DEPRECATED_OBJC_IMPLEMENTATIONS = YES;
				CLANG_WARN_DIRECT_OBJC_ISA_USAGE = YES_ERROR;
				CLANG_WARN_DOCUMENTATION_COMMENTS = YES;
				CLANG_WARN_EMPTY_BODY = YES;
				CLANG_WARN_ENUM_CONVERSION = YES;
				CLANG_WARN_INFINITE_RECURSION = YES;
				CLANG_WARN_INT_CONVERSION = YES;
				CLANG_WARN_NON_LITERAL_NULL_CONVERSION = YES;
				CLANG_WARN_OBJC_IMPLICIT_RETAIN_SELF = YES;
				CLANG_WARN_OBJC_LITERAL_CONVERSION = YES;
				CLANG_WARN_OBJC_ROOT_CLASS = YES_ERROR;
				CLANG_WARN_RANGE_LOOP_ANALYSIS = YES;
				CLANG_WARN_STRICT_PROTOTYPES = YES;
				CLANG_WARN_SUSPICIOUS_MOVE = YES;
				CLANG_WARN_UNGUARDED_AVAILABILITY = YES_AGGRESSIVE;
				CLANG_WARN_UNREACHABLE_CODE = YES;
				CLANG_WARN__DUPLICATE_METHOD_MATCH = YES;
				CODE_SIGN_IDENTITY = "iPhone Developer";
				COPY_PHASE_STRIP = NO;
				DEBUG_INFORMATION_FORMAT = dwarf;
				ENABLE_STRICT_OBJC_MSGSEND = YES;
				ENABLE_TESTABILITY = YES;
				GCC_C_LANGUAGE_STANDARD = gnu11;
				GCC_DYNAMIC_NO_PIC = NO;
				GCC_NO_COMMON_BLOCKS = YES;
				GCC_OPTIMIZATION_LEVEL = 0;
				GCC_PREPROCESSOR_DEFINITIONS = (
					"DEBUG=1",
					"$(inherited)",
				);
				GCC_WARN_64_TO_32_BIT_CONVERSION = YES;
				GCC_WARN_ABOUT_RETURN_TYPE = YES_ERROR;
				GCC_WARN_UNDECLARED_SELECTOR = YES;
				GCC_WARN_UNINITIALIZED_AUTOS = YES_AGGRESSIVE;
				GCC_WARN_UNUSED_FUNCTION = YES;
				GCC_WARN_UNUSED_VARIABLE = YES;
				IPHONEOS_DEPLOYMENT_TARGET = 12.4;
				MTL_ENABLE_DEBUG_INFO = INCLUDE_SOURCE;
				MTL_FAST_MATH = YES;
				ONLY_ACTIVE_ARCH = YES;
				SDKROOT = iphoneos;
				SWIFT_ACTIVE_COMPILATION_CONDITIONS = DEBUG;
				SWIFT_OPTIMIZATION_LEVEL = "-Onone";
			};
			name = Debug;
		};
		D81937282308A36700BF3944 /* Release */ = {
			isa = XCBuildConfiguration;
			buildSettings = {
				ALWAYS_SEARCH_USER_PATHS = NO;
				CLANG_ANALYZER_NONNULL = YES;
				CLANG_ANALYZER_NUMBER_OBJECT_CONVERSION = YES_AGGRESSIVE;
				CLANG_CXX_LANGUAGE_STANDARD = "gnu++14";
				CLANG_CXX_LIBRARY = "libc++";
				CLANG_ENABLE_MODULES = YES;
				CLANG_ENABLE_OBJC_ARC = YES;
				CLANG_ENABLE_OBJC_WEAK = YES;
				CLANG_WARN_BLOCK_CAPTURE_AUTORELEASING = YES;
				CLANG_WARN_BOOL_CONVERSION = YES;
				CLANG_WARN_COMMA = YES;
				CLANG_WARN_CONSTANT_CONVERSION = YES;
				CLANG_WARN_DEPRECATED_OBJC_IMPLEMENTATIONS = YES;
				CLANG_WARN_DIRECT_OBJC_ISA_USAGE = YES_ERROR;
				CLANG_WARN_DOCUMENTATION_COMMENTS = YES;
				CLANG_WARN_EMPTY_BODY = YES;
				CLANG_WARN_ENUM_CONVERSION = YES;
				CLANG_WARN_INFINITE_RECURSION = YES;
				CLANG_WARN_INT_CONVERSION = YES;
				CLANG_WARN_NON_LITERAL_NULL_CONVERSION = YES;
				CLANG_WARN_OBJC_IMPLICIT_RETAIN_SELF = YES;
				CLANG_WARN_OBJC_LITERAL_CONVERSION = YES;
				CLANG_WARN_OBJC_ROOT_CLASS = YES_ERROR;
				CLANG_WARN_RANGE_LOOP_ANALYSIS = YES;
				CLANG_WARN_STRICT_PROTOTYPES = YES;
				CLANG_WARN_SUSPICIOUS_MOVE = YES;
				CLANG_WARN_UNGUARDED_AVAILABILITY = YES_AGGRESSIVE;
				CLANG_WARN_UNREACHABLE_CODE = YES;
				CLANG_WARN__DUPLICATE_METHOD_MATCH = YES;
				CODE_SIGN_IDENTITY = "iPhone Developer";
				COPY_PHASE_STRIP = NO;
				DEBUG_INFORMATION_FORMAT = "dwarf-with-dsym";
				ENABLE_NS_ASSERTIONS = NO;
				ENABLE_STRICT_OBJC_MSGSEND = YES;
				GCC_C_LANGUAGE_STANDARD = gnu11;
				GCC_NO_COMMON_BLOCKS = YES;
				GCC_WARN_64_TO_32_BIT_CONVERSION = YES;
				GCC_WARN_ABOUT_RETURN_TYPE = YES_ERROR;
				GCC_WARN_UNDECLARED_SELECTOR = YES;
				GCC_WARN_UNINITIALIZED_AUTOS = YES_AGGRESSIVE;
				GCC_WARN_UNUSED_FUNCTION = YES;
				GCC_WARN_UNUSED_VARIABLE = YES;
				IPHONEOS_DEPLOYMENT_TARGET = 12.4;
				MTL_ENABLE_DEBUG_INFO = NO;
				MTL_FAST_MATH = YES;
				SDKROOT = iphoneos;
				SWIFT_COMPILATION_MODE = wholemodule;
				SWIFT_OPTIMIZATION_LEVEL = "-O";
				VALIDATE_PRODUCT = YES;
			};
			name = Release;
		};
		D819372A2308A36700BF3944 /* Debug */ = {
			isa = XCBuildConfiguration;
			buildSettings = {
				ASSETCATALOG_COMPILER_APPICON_NAME = AppIcon;
				CODE_SIGN_STYLE = Automatic;
				DEVELOPMENT_TEAM = 34PVCRW63B;
				INFOPLIST_FILE = MomentsFlowLayout/Info.plist;
				LD_RUNPATH_SEARCH_PATHS = (
					"$(inherited)",
					"@executable_path/Frameworks",
				);
				PRODUCT_BUNDLE_IDENTIFIER = com.Hsunami.MomentsFlowLayout;
				PRODUCT_NAME = "$(TARGET_NAME)";
				SWIFT_VERSION = 5.0;
				TARGETED_DEVICE_FAMILY = "1,2";
			};
			name = Debug;
		};
		D819372B2308A36700BF3944 /* Release */ = {
			isa = XCBuildConfiguration;
			buildSettings = {
				ASSETCATALOG_COMPILER_APPICON_NAME = AppIcon;
				CODE_SIGN_STYLE = Automatic;
				DEVELOPMENT_TEAM = 34PVCRW63B;
				INFOPLIST_FILE = MomentsFlowLayout/Info.plist;
				LD_RUNPATH_SEARCH_PATHS = (
					"$(inherited)",
					"@executable_path/Frameworks",
				);
				PRODUCT_BUNDLE_IDENTIFIER = com.Hsunami.MomentsFlowLayout;
				PRODUCT_NAME = "$(TARGET_NAME)";
				SWIFT_VERSION = 5.0;
				TARGETED_DEVICE_FAMILY = "1,2";
			};
			name = Release;
		};
/* End XCBuildConfiguration section */

/* Begin XCConfigurationList section */
		D81937122308A36500BF3944 /* Build configuration list for PBXProject "MomentsFlowLayout" */ = {
			isa = XCConfigurationList;
			buildConfigurations = (
				D81937272308A36700BF3944 /* Debug */,
				D81937282308A36700BF3944 /* Release */,
			);
			defaultConfigurationIsVisible = 0;
			defaultConfigurationName = Release;
		};
		D81937292308A36700BF3944 /* Build configuration list for PBXNativeTarget "MomentsFlowLayout" */ = {
			isa = XCConfigurationList;
			buildConfigurations = (
				D819372A2308A36700BF3944 /* Debug */,
				D819372B2308A36700BF3944 /* Release */,
			);
			defaultConfigurationIsVisible = 0;
			defaultConfigurationName = Release;
		};
/* End XCConfigurationList section */
	};
	rootObject = D819370F2308A36500BF3944 /* Project object */;
}
